{
  "requires": true,
  "lockfileVersion": 1,
  "dependencies": {
    "@cmyee/pushy": {
      "version": "1.3.0",
      "resolved": "https://registry.npmjs.org/@cmyee/pushy/-/pushy-1.3.0.tgz",
      "integrity": "sha512-K66KzADnJa285uOktKp7svV9dYETmHozWeQXlZw/kzU7Bn5Kts7+TTSLeiqnnfX6jsSeMgjBD9iapUC/OPUWJQ=="
    }
  }
}
